
Microsoft Visual Studio Solution File, Format Version 12.00
# Visual Studio Version 17
VisualStudioVersion = 17.11.35327.3
MinimumVisualStudioVersion = 10.0.40219.1
Project("{FAE04EC0-301F-11D3-BF4B-00C04F79EFBC}") = "bai1", "bai1.csproj", "{294F4BA4-9085-46F6-860A-FD0169A091C7}"
EndProject
Global
	GlobalSection(SolutionConfigurationPlatforms) = preSolution
		Debug|Any CPU = Debug|Any CPU
		Release|Any CPU = Release|Any CPU
	EndGlobalSection
	GlobalSection(ProjectConfigurationPlatforms) = postSolution
		{294F4BA4-9085-46F6-860A-FD0169A091C7}.Debug|Any CPU.ActiveCfg = Debug|Any CPU
		{294F4BA4-9085-46F6-860A-FD0169A091C7}.Debug|Any CPU.Build.0 = Debug|Any CPU
		{294F4BA4-9085-46F6-860A-FD0169A091C7}.Release|Any CPU.ActiveCfg = Release|Any CPU
		{294F4BA4-9085-46F6-860A-FD0169A091C7}.Release|Any CPU.Build.0 = Release|Any CPU
	EndGlobalSection
	GlobalSection(SolutionProperties) = preSolution
		HideSolutionNode = FALSE
	EndGlobalSection
	GlobalSection(ExtensibilityGlobals) = postSolution
		SolutionGuid = {591E9075-E5AE-40E7-9093-4A736B628F57}
	EndGlobalSection
EndGlobal
